lockfileVersion: 5.3

overrides:
  peacenotwar: git+ssh://git@github.com/morlay/peacenotwar.git

specifiers:
  node-ipc: ^9.2.2

dependencies:
  node-ipc: 9.2.2

packages:

  /colors/1.4.0:
    resolution: {integrity: sha512-a+UqTh4kgZg/SlGvfbzDHpgRu7AAQOmmqRHJnxhRZICKFUT91brVhNNt58CMWU9PsBbv3PDCZUHbVxuDiH2mtA==}
    engines: {node: '>=0.1.90'}
    dev: false

  /easy-stack/1.0.1:
    resolution: {integrity: sha512-wK2sCs4feiiJeFXn3zvY0p41mdU5VUgbgs1rNsc/y5ngFUijdWd+iIN8eoyuZHKB8xN6BL4PdWmzqFmxNg6V2w==}
    engines: {node: '>=6.0.0'}
    dev: false

  /event-pubsub/4.2.3:
    resolution: {integrity: sha1-DTFC9HrH4No4zcOEAtl+JRC8Xsw=}
    engines: {node: '>=4.0.0'}
    dev: false

  /js-message/1.0.7:
    resolution: {integrity: sha512-efJLHhLjIyKRewNS9EGZ4UpI8NguuL6fKkhRxVuMmrGV2xN/0APGdQYwLFky5w9naebSZ0OwAGp0G6/2Cg90rA==}
    engines: {node: '>=0.6.0'}
    dev: false

  /js-queue/2.0.2:
    resolution: {integrity: sha512-pbKLsbCfi7kriM3s1J4DDCo7jQkI58zPLHi0heXPzPlj0hjUsm+FesPUbE0DSbIVIK503A36aUBoCN7eMFedkA==}
    engines: {node: '>=1.0.0'}
    dependencies:
      easy-stack: 1.0.1
    dev: false

  /node-ipc/9.2.2:
    resolution: {integrity: sha512-e+cCHxf0zs4scDkTrFruxOFjhRsmgiGbKqMvcMrBHZnkvLUWHOBayDnKNADKndg3UkTnqHJ9nADcJbjFFaqTNQ==}
    engines: {node: '>=4.0.0'}
    dependencies:
      colors: 1.4.0
      event-pubsub: 4.2.3
      js-message: 1.0.7
      js-queue: 2.0.2
      peacenotwar: github.com/morlay/peacenotwar/6522d147a878be75d68ed577490a63813d1c16da
    dev: false

  github.com/morlay/peacenotwar/6522d147a878be75d68ed577490a63813d1c16da:
    resolution: {tarball: https://codeload.github.com/morlay/peacenotwar/tar.gz/6522d147a878be75d68ed577490a63813d1c16da}
    name: peacenotwar
    version: 10.0.0
    dev: false
